
Microsoft Visual Studio Solution File, Format Version 12.00
# Visual Studio 15
VisualStudioVersion = 15.0.28010.2036
MinimumVisualStudioVersion = 10.0.40219.1
Project("{FAE04EC0-301F-11D3-BF4B-00C04F79EFBC}") = "Talenter", "Talenter\Talenter.csproj", "{D746B373-2389-44B4-BBA7-D47B887B9290}"
EndProject
Global
	GlobalSection(SolutionConfigurationPlatforms) = preSolution
		Debug|Any CPU = Debug|Any CPU
		Release|Any CPU = Release|Any CPU
	EndGlobalSection
	GlobalSection(ProjectConfigurationPlatforms) = postSolution
		{D746B373-2389-44B4-BBA7-D47B887B9290}.Debug|Any CPU.ActiveCfg = Debug|Any CPU
		{D746B373-2389-44B4-BBA7-D47B887B9290}.Debug|Any CPU.Build.0 = Debug|Any CPU
		{D746B373-2389-44B4-BBA7-D47B887B9290}.Release|Any CPU.ActiveCfg = Release|Any CPU
		{D746B373-2389-44B4-BBA7-D47B887B9290}.Release|Any CPU.Build.0 = Release|Any CPU
	EndGlobalSection
	GlobalSection(SolutionProperties) = preSolution
		HideSolutionNode = FALSE
	EndGlobalSection
	GlobalSection(ExtensibilityGlobals) = postSolution
		SolutionGuid = {5AD9D7E4-C4F8-4427-8FFF-E97F7EBF2CFC}
	EndGlobalSection
EndGlobal
